
Microsoft Visual Studio Solution File, Format Version 12.00
# Visual Studio 15
VisualStudioVersion = 15.0.28307.168
MinimumVisualStudioVersion = 10.0.40219.1
Project("{FAE04EC0-301F-11D3-BF4B-00C04F79EFBC}") = "TodoListDon_GUI", "WindowsFormsApplication1\TodoListDon_GUI.csproj", "{6075C38A-EEA1-450F-B7CB-DCE269F6B088}"
EndProject
Project("{54435603-DBB4-11D2-8724-00A0C9A8B90C}") = "Setup1", "Setup1\Setup1.vdproj", "{26B9A28D-20D5-42CA-B16A-E2D8F5E18029}"
EndProject
Global
	GlobalSection(SolutionConfigurationPlatforms) = preSolution
		Debug|Any CPU = Debug|Any CPU
		Release|Any CPU = Release|Any CPU
	EndGlobalSection
	GlobalSection(ProjectConfigurationPlatforms) = postSolution
		{6075C38A-EEA1-450F-B7CB-DCE269F6B088}.Debug|Any CPU.ActiveCfg = Debug|Any CPU
		{6075C38A-EEA1-450F-B7CB-DCE269F6B088}.Debug|Any CPU.Build.0 = Debug|Any CPU
		{6075C38A-EEA1-450F-B7CB-DCE269F6B088}.Release|Any CPU.ActiveCfg = Release|Any CPU
		{6075C38A-EEA1-450F-B7CB-DCE269F6B088}.Release|Any CPU.Build.0 = Release|Any CPU
		{26B9A28D-20D5-42CA-B16A-E2D8F5E18029}.Debug|Any CPU.ActiveCfg = Debug
		{26B9A28D-20D5-42CA-B16A-E2D8F5E18029}.Release|Any CPU.ActiveCfg = Release
	EndGlobalSection
	GlobalSection(SolutionProperties) = preSolution
		HideSolutionNode = FALSE
	EndGlobalSection
	GlobalSection(ExtensibilityGlobals) = postSolution
		SolutionGuid = {D6725018-0945-4532-BE1B-D2A6AA2A0732}
	EndGlobalSection
EndGlobal
